
Microsoft Visual Studio Solution File, Format Version 12.00
# Visual Studio 2013
VisualStudioVersion = 12.0.30501.0
MinimumVisualStudioVersion = 10.0.40219.1
Project("{8BC9CEB8-8B4A-11D0-8D11-00A0C91BC942}") = "MBExtender", "MBExtender\MBExtender.vcxproj", "{82E50B43-733F-41BD-A58A-57895F28FAE7}"
	ProjectSection(ProjectDependencies) = postProject
		{532A4DF2-342F-488C-A872-D7CF4B8C4EAE} = {532A4DF2-342F-488C-A872-D7CF4B8C4EAE}
	EndProjectSection
EndProject
Project("{8BC9CEB8-8B4A-11D0-8D11-00A0C91BC942}") = "PluginLoader", "PluginLoader\PluginLoader.vcxproj", "{532A4DF2-342F-488C-A872-D7CF4B8C4EAE}"
EndProject
Project("{8BC9CEB8-8B4A-11D0-8D11-00A0C91BC942}") = "TestPlugin", "TestPlugin\TestPlugin.vcxproj", "{4BB335D2-E582-4674-97E0-66F1E1359256}"
	ProjectSection(ProjectDependencies) = postProject
		{235739A0-CCC8-4B33-84E2-9599D6B7D160} = {235739A0-CCC8-4B33-84E2-9599D6B7D160}
	EndProjectSection
EndProject
Project("{8BC9CEB8-8B4A-11D0-8D11-00A0C91BC942}") = "ConsoleSwag", "ConsoleSwag\ConsoleSwag.vcxproj", "{58866E24-C0B4-408E-A697-ADF3B88D04A4}"
EndProject
Project("{8BC9CEB8-8B4A-11D0-8D11-00A0C91BC942}") = "TorqueLib", "TorqueLib\TorqueLib.vcxproj", "{235739A0-CCC8-4B33-84E2-9599D6B7D160}"
EndProject
Project("{8BC9CEB8-8B4A-11D0-8D11-00A0C91BC942}") = "RandomPowerupsDemo", "RandomPowerupsDemo\RandomPowerupsDemo.vcxproj", "{DFE632A3-BECE-43A1-9FEE-A12C4CF10E22}"
EndProject
Project("{8BC9CEB8-8B4A-11D0-8D11-00A0C91BC942}") = "MovingPlatformsFix", "MovingPlatformsFix\MovingPlatformsFix.vcxproj", "{6C60CE79-3227-4198-A1B5-158D004F78A9}"
EndProject
Global
	GlobalSection(SolutionConfigurationPlatforms) = preSolution
		Debug|Win32 = Debug|Win32
		Release|Win32 = Release|Win32
	EndGlobalSection
	GlobalSection(ProjectConfigurationPlatforms) = postSolution
		{82E50B43-733F-41BD-A58A-57895F28FAE7}.Debug|Win32.ActiveCfg = Debug|Win32
		{82E50B43-733F-41BD-A58A-57895F28FAE7}.Debug|Win32.Build.0 = Debug|Win32
		{82E50B43-733F-41BD-A58A-57895F28FAE7}.Release|Win32.ActiveCfg = Release|Win32
		{82E50B43-733F-41BD-A58A-57895F28FAE7}.Release|Win32.Build.0 = Release|Win32
		{532A4DF2-342F-488C-A872-D7CF4B8C4EAE}.Debug|Win32.ActiveCfg = Debug|Win32
		{532A4DF2-342F-488C-A872-D7CF4B8C4EAE}.Debug|Win32.Build.0 = Debug|Win32
		{532A4DF2-342F-488C-A872-D7CF4B8C4EAE}.Release|Win32.ActiveCfg = Release|Win32
		{532A4DF2-342F-488C-A872-D7CF4B8C4EAE}.Release|Win32.Build.0 = Release|Win32
		{4BB335D2-E582-4674-97E0-66F1E1359256}.Debug|Win32.ActiveCfg = Debug|Win32
		{4BB335D2-E582-4674-97E0-66F1E1359256}.Debug|Win32.Build.0 = Debug|Win32
		{4BB335D2-E582-4674-97E0-66F1E1359256}.Release|Win32.ActiveCfg = Release|Win32
		{4BB335D2-E582-4674-97E0-66F1E1359256}.Release|Win32.Build.0 = Release|Win32
		{58866E24-C0B4-408E-A697-ADF3B88D04A4}.Debug|Win32.ActiveCfg = Debug|Win32
		{58866E24-C0B4-408E-A697-ADF3B88D04A4}.Debug|Win32.Build.0 = Debug|Win32
		{58866E24-C0B4-408E-A697-ADF3B88D04A4}.Release|Win32.ActiveCfg = Release|Win32
		{58866E24-C0B4-408E-A697-ADF3B88D04A4}.Release|Win32.Build.0 = Release|Win32
		{235739A0-CCC8-4B33-84E2-9599D6B7D160}.Debug|Win32.ActiveCfg = Debug|Win32
		{235739A0-CCC8-4B33-84E2-9599D6B7D160}.Debug|Win32.Build.0 = Debug|Win32
		{235739A0-CCC8-4B33-84E2-9599D6B7D160}.Release|Win32.ActiveCfg = Release|Win32
		{235739A0-CCC8-4B33-84E2-9599D6B7D160}.Release|Win32.Build.0 = Release|Win32
		{DFE632A3-BECE-43A1-9FEE-A12C4CF10E22}.Debug|Win32.ActiveCfg = Debug|Win32
		{DFE632A3-BECE-43A1-9FEE-A12C4CF10E22}.Debug|Win32.Build.0 = Debug|Win32
		{DFE632A3-BECE-43A1-9FEE-A12C4CF10E22}.Release|Win32.ActiveCfg = Release|Win32
		{DFE632A3-BECE-43A1-9FEE-A12C4CF10E22}.Release|Win32.Build.0 = Release|Win32
		{6C60CE79-3227-4198-A1B5-158D004F78A9}.Debug|Win32.ActiveCfg = Debug|Win32
		{6C60CE79-3227-4198-A1B5-158D004F78A9}.Debug|Win32.Build.0 = Debug|Win32
		{6C60CE79-3227-4198-A1B5-158D004F78A9}.Release|Win32.ActiveCfg = Release|Win32
		{6C60CE79-3227-4198-A1B5-158D004F78A9}.Release|Win32.Build.0 = Release|Win32
	EndGlobalSection
	GlobalSection(SolutionProperties) = preSolution
		HideSolutionNode = FALSE
	EndGlobalSection
EndGlobal
