
Microsoft Visual Studio Solution File, Format Version 12.00
# Visual Studio 2013
VisualStudioVersion = 12.0.30501.0
MinimumVisualStudioVersion = 10.0.40219.1
Project("{8BC9CEB8-8B4A-11D0-8D11-00A0C91BC942}") = "MBExtender", "src\MBExtender\win32\MBExtender.vcxproj", "{323BB651-4ACE-4FD7-8DF3-512BA23A3116}"
EndProject
Project("{8BC9CEB8-8B4A-11D0-8D11-00A0C91BC942}") = "PluginLoader", "src\PluginLoader\PluginLoader.vcxproj", "{C2FFB897-0EFC-41F8-9DC4-614E92F2839E}"
EndProject
Project("{8BC9CEB8-8B4A-11D0-8D11-00A0C91BC942}") = "TorqueLib", "src\TorqueLib\TorqueLib.vcxproj", "{73FFCED1-24B5-40FA-B316-EB90F0FDEB5B}"
EndProject
Project("{8BC9CEB8-8B4A-11D0-8D11-00A0C91BC942}") = "TestPlugin", "plugins\TestPlugin\TestPlugin.vcxproj", "{D8550549-C775-4DBE-981F-816F4960F41F}"
EndProject
Project("{8BC9CEB8-8B4A-11D0-8D11-00A0C91BC942}") = "ExternalConsole", "plugins\ExternalConsole\ExternalConsole.vcxproj", "{FA7B05A1-04CB-421E-A9A4-E8C76B398B57}"
EndProject
Project("{2150E333-8FDC-42A3-9474-1A3956D46DE8}") = "plugins", "plugins", "{6E5F31A0-E405-418F-A543-21475A5E5E5E}"
EndProject
Project("{8BC9CEB8-8B4A-11D0-8D11-00A0C91BC942}") = "MovingPlatformsFix", "plugins\MovingPlatformsFix\MovingPlatformsFix.vcxproj", "{501822C0-E2BA-4767-A2EA-099FD85A7BA0}"
EndProject
Project("{8BC9CEB8-8B4A-11D0-8D11-00A0C91BC942}") = "RandomPowerupsDemo", "plugins\RandomPowerupsDemo\RandomPowerupsDemo.vcxproj", "{370E0D97-AB1B-4048-93EF-C85F7527423D}"
EndProject
Project("{8BC9CEB8-8B4A-11D0-8D11-00A0C91BC942}") = "FakeVorbis", "src\FakeVorbis\FakeVorbis.vcxproj", "{A56BD4CA-18F8-4545-8D93-946EBCC53652}"
EndProject
Global
	GlobalSection(SolutionConfigurationPlatforms) = preSolution
		Debug|Win32 = Debug|Win32
		Release|Win32 = Release|Win32
	EndGlobalSection
	GlobalSection(ProjectConfigurationPlatforms) = postSolution
		{323BB651-4ACE-4FD7-8DF3-512BA23A3116}.Debug|Win32.ActiveCfg = Debug|Win32
		{323BB651-4ACE-4FD7-8DF3-512BA23A3116}.Debug|Win32.Build.0 = Debug|Win32
		{323BB651-4ACE-4FD7-8DF3-512BA23A3116}.Release|Win32.ActiveCfg = Release|Win32
		{323BB651-4ACE-4FD7-8DF3-512BA23A3116}.Release|Win32.Build.0 = Release|Win32
		{C2FFB897-0EFC-41F8-9DC4-614E92F2839E}.Debug|Win32.ActiveCfg = Debug|Win32
		{C2FFB897-0EFC-41F8-9DC4-614E92F2839E}.Debug|Win32.Build.0 = Debug|Win32
		{C2FFB897-0EFC-41F8-9DC4-614E92F2839E}.Release|Win32.ActiveCfg = Release|Win32
		{C2FFB897-0EFC-41F8-9DC4-614E92F2839E}.Release|Win32.Build.0 = Release|Win32
		{73FFCED1-24B5-40FA-B316-EB90F0FDEB5B}.Debug|Win32.ActiveCfg = Debug|Win32
		{73FFCED1-24B5-40FA-B316-EB90F0FDEB5B}.Debug|Win32.Build.0 = Debug|Win32
		{73FFCED1-24B5-40FA-B316-EB90F0FDEB5B}.Release|Win32.ActiveCfg = Release|Win32
		{73FFCED1-24B5-40FA-B316-EB90F0FDEB5B}.Release|Win32.Build.0 = Release|Win32
		{D8550549-C775-4DBE-981F-816F4960F41F}.Debug|Win32.ActiveCfg = Debug|Win32
		{D8550549-C775-4DBE-981F-816F4960F41F}.Debug|Win32.Build.0 = Debug|Win32
		{D8550549-C775-4DBE-981F-816F4960F41F}.Release|Win32.ActiveCfg = Release|Win32
		{D8550549-C775-4DBE-981F-816F4960F41F}.Release|Win32.Build.0 = Release|Win32
		{FA7B05A1-04CB-421E-A9A4-E8C76B398B57}.Debug|Win32.ActiveCfg = Debug|Win32
		{FA7B05A1-04CB-421E-A9A4-E8C76B398B57}.Debug|Win32.Build.0 = Debug|Win32
		{FA7B05A1-04CB-421E-A9A4-E8C76B398B57}.Release|Win32.ActiveCfg = Release|Win32
		{FA7B05A1-04CB-421E-A9A4-E8C76B398B57}.Release|Win32.Build.0 = Release|Win32
		{501822C0-E2BA-4767-A2EA-099FD85A7BA0}.Debug|Win32.ActiveCfg = Debug|Win32
		{501822C0-E2BA-4767-A2EA-099FD85A7BA0}.Debug|Win32.Build.0 = Debug|Win32
		{501822C0-E2BA-4767-A2EA-099FD85A7BA0}.Release|Win32.ActiveCfg = Release|Win32
		{501822C0-E2BA-4767-A2EA-099FD85A7BA0}.Release|Win32.Build.0 = Release|Win32
		{370E0D97-AB1B-4048-93EF-C85F7527423D}.Debug|Win32.ActiveCfg = Debug|Win32
		{370E0D97-AB1B-4048-93EF-C85F7527423D}.Debug|Win32.Build.0 = Debug|Win32
		{370E0D97-AB1B-4048-93EF-C85F7527423D}.Release|Win32.ActiveCfg = Release|Win32
		{370E0D97-AB1B-4048-93EF-C85F7527423D}.Release|Win32.Build.0 = Release|Win32
		{A56BD4CA-18F8-4545-8D93-946EBCC53652}.Debug|Win32.ActiveCfg = Debug|Win32
		{A56BD4CA-18F8-4545-8D93-946EBCC53652}.Debug|Win32.Build.0 = Debug|Win32
		{A56BD4CA-18F8-4545-8D93-946EBCC53652}.Release|Win32.ActiveCfg = Release|Win32
		{A56BD4CA-18F8-4545-8D93-946EBCC53652}.Release|Win32.Build.0 = Release|Win32
	EndGlobalSection
	GlobalSection(SolutionProperties) = preSolution
		HideSolutionNode = FALSE
	EndGlobalSection
	GlobalSection(NestedProjects) = preSolution
		{D8550549-C775-4DBE-981F-816F4960F41F} = {6E5F31A0-E405-418F-A543-21475A5E5E5E}
		{FA7B05A1-04CB-421E-A9A4-E8C76B398B57} = {6E5F31A0-E405-418F-A543-21475A5E5E5E}
		{501822C0-E2BA-4767-A2EA-099FD85A7BA0} = {6E5F31A0-E405-418F-A543-21475A5E5E5E}
		{370E0D97-AB1B-4048-93EF-C85F7527423D} = {6E5F31A0-E405-418F-A543-21475A5E5E5E}
	EndGlobalSection
EndGlobal
