<?xml version="1.0" encoding="utf-8"?>
<Project ToolsVersion="4.0" xmlns="http://schemas.microsoft.com/developer/msbuild/2003">
  <ItemGroup>
    <Filter Include="Source Files">
      <UniqueIdentifier>{4FC737F1-C7A5-4376-A066-2A32D752A2FF}</UniqueIdentifier>
      <Extensions>cpp;c;cc;cxx;def;odl;idl;hpj;bat;asm;asmx</Extensions>
    </Filter>
    <Filter Include="Header Files">
      <UniqueIdentifier>{93995380-89BD-4b04-88EB-625FBE52EBFB}</UniqueIdentifier>
      <Extensions>h;hh;hpp;hxx;hm;inl;inc;xsd</Extensions>
    </Filter>
    <Filter Include="Resource Files">
      <UniqueIdentifier>{67DA6AB6-F800-4c08-8B7A-83BB121AAD01}</UniqueIdentifier>
      <Extensions>rc;ico;cur;bmp;dlg;rc2;rct;bin;rgs;gif;jpg;jpeg;jpe;resx;tiff;tif;png;wav</Extensions>
    </Filter>
    <Filter Include="Source Files\win32">
      <UniqueIdentifier>{6e535842-a5a2-4eba-b42a-6f182fabaa2e}</UniqueIdentifier>
    </Filter>
  </ItemGroup>
  <ItemGroup>
    <ClCompile Include="BasicPluginInterface.cpp">
      <Filter>Source Files</Filter>
    </ClCompile>
    <ClCompile Include="CodeAllocator.cpp">
      <Filter>Source Files</Filter>
    </ClCompile>
    <ClCompile Include="CodeInjectionStream.cpp">
      <Filter>Source Files</Filter>
    </ClCompile>
    <ClCompile Include="FuncInterceptor.cpp">
      <Filter>Source Files</Filter>
    </ClCompile>
    <ClCompile Include="PluginLoader.cpp">
      <Filter>Source Files</Filter>
    </ClCompile>
    <ClCompile Include="TrampolineGenerator.cpp">
      <Filter>Source Files</Filter>
    </ClCompile>
    <ClCompile Include="win32\main-win32.cpp">
      <Filter>Source Files\win32</Filter>
    </ClCompile>
    <ClCompile Include="win32\Memory-win32.cpp">
      <Filter>Source Files\win32</Filter>
    </ClCompile>
    <ClCompile Include="win32\SharedObject-win32.cpp">
      <Filter>Source Files\win32</Filter>
    </ClCompile>
  </ItemGroup>
  <ItemGroup>
    <ClInclude Include="BasicPluginInterface.h">
      <Filter>Header Files</Filter>
    </ClInclude>
    <ClInclude Include="CodeAllocator.h">
      <Filter>Header Files</Filter>
    </ClInclude>
    <ClInclude Include="CodeInjectionStream.h">
      <Filter>Header Files</Filter>
    </ClInclude>
    <ClInclude Include="FuncInterceptor.h">
      <Filter>Header Files</Filter>
    </ClInclude>
    <ClInclude Include="LDE64.h">
      <Filter>Header Files</Filter>
    </ClInclude>
    <ClInclude Include="Memory.h">
      <Filter>Header Files</Filter>
    </ClInclude>
    <ClInclude Include="SharedObject.h">
      <Filter>Header Files</Filter>
    </ClInclude>
    <ClInclude Include="TrampolineGenerator.h">
      <Filter>Header Files</Filter>
    </ClInclude>
    <ClInclude Include="..\..\include\PluginLoader\PluginInterface.h">
      <Filter>Header Files</Filter>
    </ClInclude>
  </ItemGroup>
  <ItemGroup>
    <MASM Include="win32\LDE64-masm.asm">
      <Filter>Source Files\win32</Filter>
    </MASM>
  </ItemGroup>
  <ItemGroup>
    <None Include="win32\PluginLoader.def">
      <Filter>Source Files\win32</Filter>
    </None>
  </ItemGroup>
</Project>