<?xml version="1.0" encoding="utf-8"?>
<Project ToolsVersion="4.0" xmlns="http://schemas.microsoft.com/developer/msbuild/2003">
  <ItemGroup>
    <Filter Include="Source Files">
      <UniqueIdentifier>{4FC737F1-C7A5-4376-A066-2A32D752A2FF}</UniqueIdentifier>
      <Extensions>cpp;c;cc;cxx;def;odl;idl;hpj;bat;asm;asmx</Extensions>
    </Filter>
    <Filter Include="Header Files">
      <UniqueIdentifier>{93995380-89BD-4b04-88EB-625FBE52EBFB}</UniqueIdentifier>
      <Extensions>h;hh;hpp;hxx;hm;inl;inc;xsd</Extensions>
    </Filter>
    <Filter Include="Resource Files">
      <UniqueIdentifier>{67DA6AB6-F800-4c08-8B7A-83BB121AAD01}</UniqueIdentifier>
      <Extensions>rc;ico;cur;bmp;dlg;rc2;rct;bin;rgs;gif;jpg;jpeg;jpe;resx;tiff;tif;png;wav;mfcribbon-ms</Extensions>
    </Filter>
    <Filter Include="Header Files\math">
      <UniqueIdentifier>{3061ca7f-6991-452a-84df-e4978b211284}</UniqueIdentifier>
    </Filter>
    <Filter Include="Header Files\math\util">
      <UniqueIdentifier>{b62f4f75-f3b5-4bf7-9f75-fcf57f0c1c15}</UniqueIdentifier>
    </Filter>
    <Filter Include="Source Files\math">
      <UniqueIdentifier>{72b20c92-bfec-4c62-9c53-89829213b496}</UniqueIdentifier>
    </Filter>
    <Filter Include="Source Files\math\util">
      <UniqueIdentifier>{740d4b71-afda-4f11-aa66-910599c0465a}</UniqueIdentifier>
    </Filter>
    <Filter Include="Header Files\platform">
      <UniqueIdentifier>{587b728b-7621-41a2-8ac1-b94c8c320105}</UniqueIdentifier>
    </Filter>
  </ItemGroup>
  <ItemGroup>
    <ClCompile Include="math\util\quadTransforms.cpp">
      <Filter>Source Files\math\util</Filter>
    </ClCompile>
    <ClCompile Include="math\mAngAxis.cpp">
      <Filter>Source Files\math</Filter>
    </ClCompile>
    <ClCompile Include="math\mathUtils.cpp">
      <Filter>Source Files\math</Filter>
    </ClCompile>
    <ClCompile Include="math\mBox.cpp">
      <Filter>Source Files\math</Filter>
    </ClCompile>
    <ClCompile Include="math\mEase.cpp">
      <Filter>Source Files\math</Filter>
    </ClCompile>
    <ClCompile Include="math\mMath_C.cpp">
      <Filter>Source Files\math</Filter>
    </ClCompile>
    <ClCompile Include="math\mMathAltivec.cpp">
      <Filter>Source Files\math</Filter>
    </ClCompile>
    <ClCompile Include="math\mMathAMD.cpp">
      <Filter>Source Files\math</Filter>
    </ClCompile>
    <ClCompile Include="math\mMathSSE.cpp">
      <Filter>Source Files\math</Filter>
    </ClCompile>
    <ClCompile Include="math\mMatrix.cpp">
      <Filter>Source Files\math</Filter>
    </ClCompile>
    <ClCompile Include="math\mOrientedBox.cpp">
      <Filter>Source Files\math</Filter>
    </ClCompile>
    <ClCompile Include="math\mPlane.cpp">
      <Filter>Source Files\math</Filter>
    </ClCompile>
    <ClCompile Include="math\mPlaneTransformer.cpp">
      <Filter>Source Files\math</Filter>
    </ClCompile>
    <ClCompile Include="math\mPoint.cpp">
      <Filter>Source Files\math</Filter>
    </ClCompile>
    <ClCompile Include="math\mQuat.cpp">
      <Filter>Source Files\math</Filter>
    </ClCompile>
    <ClCompile Include="math\mRandom.cpp">
      <Filter>Source Files\math</Filter>
    </ClCompile>
    <ClCompile Include="math\mRect.cpp">
      <Filter>Source Files\math</Filter>
    </ClCompile>
    <ClCompile Include="math\mSolver.cpp">
      <Filter>Source Files\math</Filter>
    </ClCompile>
    <ClCompile Include="math\mSphere.cpp">
      <Filter>Source Files\math</Filter>
    </ClCompile>
    <ClCompile Include="..\PluginLoader\dllmain.cpp">
      <Filter>Source Files</Filter>
    </ClCompile>
    <ClCompile Include="TorqueMath.cpp">
      <Filter>Source Files</Filter>
    </ClCompile>
  </ItemGroup>
  <ItemGroup>
    <ClInclude Include="math\util\quadTransforms.h">
      <Filter>Header Files\math\util</Filter>
    </ClInclude>
    <ClInclude Include="math\mAngAxis.h">
      <Filter>Header Files\math</Filter>
    </ClInclude>
    <ClInclude Include="math\mathUtils.h">
      <Filter>Header Files\math</Filter>
    </ClInclude>
    <ClInclude Include="math\mBox.h">
      <Filter>Header Files\math</Filter>
    </ClInclude>
    <ClInclude Include="math\mBoxBase.h">
      <Filter>Header Files\math</Filter>
    </ClInclude>
    <ClInclude Include="math\mConstants.h">
      <Filter>Header Files\math</Filter>
    </ClInclude>
    <ClInclude Include="math\mEase.h">
      <Filter>Header Files\math</Filter>
    </ClInclude>
    <ClInclude Include="math\mMath.h">
      <Filter>Header Files\math</Filter>
    </ClInclude>
    <ClInclude Include="math\mMathFn.h">
      <Filter>Header Files\math</Filter>
    </ClInclude>
    <ClInclude Include="math\mMatrix.h">
      <Filter>Header Files\math</Filter>
    </ClInclude>
    <ClInclude Include="math\mOrientedBox.h">
      <Filter>Header Files\math</Filter>
    </ClInclude>
    <ClInclude Include="math\mPlane.h">
      <Filter>Header Files\math</Filter>
    </ClInclude>
    <ClInclude Include="math\mPlaneSet.h">
      <Filter>Header Files\math</Filter>
    </ClInclude>
    <ClInclude Include="math\mPlaneTransformer.h">
      <Filter>Header Files\math</Filter>
    </ClInclude>
    <ClInclude Include="math\mPoint2.h">
      <Filter>Header Files\math</Filter>
    </ClInclude>
    <ClInclude Include="math\mPoint3.h">
      <Filter>Header Files\math</Filter>
    </ClInclude>
    <ClInclude Include="math\mPoint4.h">
      <Filter>Header Files\math</Filter>
    </ClInclude>
    <ClInclude Include="math\mQuat.h">
      <Filter>Header Files\math</Filter>
    </ClInclude>
    <ClInclude Include="math\mRandom.h">
      <Filter>Header Files\math</Filter>
    </ClInclude>
    <ClInclude Include="math\mRandomDeck.h">
      <Filter>Header Files\math</Filter>
    </ClInclude>
    <ClInclude Include="math\mRandomSet.h">
      <Filter>Header Files\math</Filter>
    </ClInclude>
    <ClInclude Include="math\mRect.h">
      <Filter>Header Files\math</Filter>
    </ClInclude>
    <ClInclude Include="math\mSilhouetteExtractor.h">
      <Filter>Header Files\math</Filter>
    </ClInclude>
    <ClInclude Include="math\mSphere.h">
      <Filter>Header Files\math</Filter>
    </ClInclude>
    <ClInclude Include="math\mTransform.h">
      <Filter>Header Files\math</Filter>
    </ClInclude>
    <ClInclude Include="platform\platform.h">
      <Filter>Header Files\platform</Filter>
    </ClInclude>
    <ClInclude Include="platform\platformAssert.h">
      <Filter>Header Files\platform</Filter>
    </ClInclude>
  </ItemGroup>
  <ItemGroup>
    <Text Include="LICENSE.txt" />
  </ItemGroup>
</Project>